
Microsoft Visual Studio Solution File, Format Version 12.00
# Visual Studio Version 17
VisualStudioVersion = 17.8.34322.80
MinimumVisualStudioVersion = 10.0.40219.1
Project("{FAE04EC0-301F-11D3-BF4B-00C04F79EFBC}") = "MeuBlocoNotas", "MeuBlocoNotas\MeuBlocoNotas.csproj", "{12F370E2-0EBD-4157-8C9A-4B6C9B3F46F1}"
EndProject
Global
	GlobalSection(SolutionConfigurationPlatforms) = preSolution
		Debug|Any CPU = Debug|Any CPU
		Release|Any CPU = Release|Any CPU
	EndGlobalSection
	GlobalSection(ProjectConfigurationPlatforms) = postSolution
		{12F370E2-0EBD-4157-8C9A-4B6C9B3F46F1}.Debug|Any CPU.ActiveCfg = Debug|Any CPU
		{12F370E2-0EBD-4157-8C9A-4B6C9B3F46F1}.Debug|Any CPU.Build.0 = Debug|Any CPU
		{12F370E2-0EBD-4157-8C9A-4B6C9B3F46F1}.Release|Any CPU.ActiveCfg = Release|Any CPU
		{12F370E2-0EBD-4157-8C9A-4B6C9B3F46F1}.Release|Any CPU.Build.0 = Release|Any CPU
	EndGlobalSection
	GlobalSection(SolutionProperties) = preSolution
		HideSolutionNode = FALSE
	EndGlobalSection
	GlobalSection(ExtensibilityGlobals) = postSolution
		SolutionGuid = {FA3CF37E-A1F1-4CBE-ABB7-200F59E3F282}
	EndGlobalSection
EndGlobal
